
Microsoft Visual Studio Solution File, Format Version 12.00
# Visual Studio 15
VisualStudioVersion = 15.0.27703.2035
MinimumVisualStudioVersion = 10.0.40219.1
Project("{9A19103F-16F7-4668-BE54-9A1E7A4F7556}") = "APIJSON.NET", "APIJSON.NET\APIJSON.NET.csproj", "{FF647576-A104-4D54-954D-3547B4FDCDB2}"
EndProject
Project("{9A19103F-16F7-4668-BE54-9A1E7A4F7556}") = "APIJSON.NET.Test", "APIJSON.NET.Test\APIJSON.NET.Test.csproj", "{0828346E-207E-49F8-AD57-E1AB6B6E4077}"
EndProject
Project("{9A19103F-16F7-4668-BE54-9A1E7A4F7556}") = "ApiJson.Common", "APIJSONCommon\ApiJson.Common.csproj", "{D0DF93E9-DD06-425B-96FE-935E9A82D327}"
EndProject
Global
	GlobalSection(SolutionConfigurationPlatforms) = preSolution
		Debug|Any CPU = Debug|Any CPU
		Release|Any CPU = Release|Any CPU
	EndGlobalSection
	GlobalSection(ProjectConfigurationPlatforms) = postSolution
		{FF647576-A104-4D54-954D-3547B4FDCDB2}.Debug|Any CPU.ActiveCfg = Debug|Any CPU
		{FF647576-A104-4D54-954D-3547B4FDCDB2}.Debug|Any CPU.Build.0 = Debug|Any CPU
		{FF647576-A104-4D54-954D-3547B4FDCDB2}.Release|Any CPU.ActiveCfg = Release|Any CPU
		{FF647576-A104-4D54-954D-3547B4FDCDB2}.Release|Any CPU.Build.0 = Release|Any CPU
		{0828346E-207E-49F8-AD57-E1AB6B6E4077}.Debug|Any CPU.ActiveCfg = Debug|Any CPU
		{0828346E-207E-49F8-AD57-E1AB6B6E4077}.Debug|Any CPU.Build.0 = Debug|Any CPU
		{0828346E-207E-49F8-AD57-E1AB6B6E4077}.Release|Any CPU.ActiveCfg = Release|Any CPU
		{0828346E-207E-49F8-AD57-E1AB6B6E4077}.Release|Any CPU.Build.0 = Release|Any CPU
		{D0DF93E9-DD06-425B-96FE-935E9A82D327}.Debug|Any CPU.ActiveCfg = Debug|Any CPU
		{D0DF93E9-DD06-425B-96FE-935E9A82D327}.Debug|Any CPU.Build.0 = Debug|Any CPU
		{D0DF93E9-DD06-425B-96FE-935E9A82D327}.Release|Any CPU.ActiveCfg = Release|Any CPU
		{D0DF93E9-DD06-425B-96FE-935E9A82D327}.Release|Any CPU.Build.0 = Release|Any CPU
	EndGlobalSection
	GlobalSection(SolutionProperties) = preSolution
		HideSolutionNode = FALSE
	EndGlobalSection
	GlobalSection(ExtensibilityGlobals) = postSolution
		SolutionGuid = {24D8F343-F939-4569-AA74-C23BA77A57BF}
	EndGlobalSection
EndGlobal
