
Microsoft Visual Studio Solution File, Format Version 12.00
# Visual Studio Version 16
VisualStudioVersion = 16.0.28803.202
MinimumVisualStudioVersion = 10.0.40219.1
Project("{FAE04EC0-301F-11D3-BF4B-00C04F79EFBC}") = "ApiJson.Common_461", "ApiJson.Common_461.csproj", "{DC07586E-7241-4BB5-9200-CE57A81C5E27}"
EndProject
Project("{9A19103F-16F7-4668-BE54-9A1E7A4F7556}") = "APIJSON.NET.Test", "..\APIJSON.NET.Test\APIJSON.NET.Test.csproj", "{3F99B6A8-3A58-4714-A0FF-186BE2874A68}"
EndProject
Global
	GlobalSection(SolutionConfigurationPlatforms) = preSolution
		Debug|Any CPU = Debug|Any CPU
		Release|Any CPU = Release|Any CPU
	EndGlobalSection
	GlobalSection(ProjectConfigurationPlatforms) = postSolution
		{DC07586E-7241-4BB5-9200-CE57A81C5E27}.Debug|Any CPU.ActiveCfg = Debug|Any CPU
		{DC07586E-7241-4BB5-9200-CE57A81C5E27}.Debug|Any CPU.Build.0 = Debug|Any CPU
		{DC07586E-7241-4BB5-9200-CE57A81C5E27}.Release|Any CPU.ActiveCfg = Release|Any CPU
		{DC07586E-7241-4BB5-9200-CE57A81C5E27}.Release|Any CPU.Build.0 = Release|Any CPU
		{3F99B6A8-3A58-4714-A0FF-186BE2874A68}.Debug|Any CPU.ActiveCfg = Debug|Any CPU
		{3F99B6A8-3A58-4714-A0FF-186BE2874A68}.Debug|Any CPU.Build.0 = Debug|Any CPU
		{3F99B6A8-3A58-4714-A0FF-186BE2874A68}.Release|Any CPU.ActiveCfg = Release|Any CPU
		{3F99B6A8-3A58-4714-A0FF-186BE2874A68}.Release|Any CPU.Build.0 = Release|Any CPU
	EndGlobalSection
	GlobalSection(SolutionProperties) = preSolution
		HideSolutionNode = FALSE
	EndGlobalSection
	GlobalSection(ExtensibilityGlobals) = postSolution
		SolutionGuid = {53F36702-3FD9-4AF5-A4C3-E3C30C943492}
	EndGlobalSection
EndGlobal
